// !$*UTF8*$!
{
	archiveVersion = 1;
	classes = {
	};
	objectVersion = 48;
	objects = {

/* Begin PBXBuildFile section */
		3F4919E1204DC51400C22A29 /* TakeSnapshot.swift in Sources */ = {isa = PBXBuildFile; fileRef = 3F4919E0204DC51400C22A29 /* TakeSnapshot.swift */; };
		3F4919E3204DCF7A00C22A29 /* AppData.swift in Sources */ = {isa = PBXBuildFile; fileRef = 3F4919E2204DCF7A00C22A29 /* AppData.swift */; };
		3F976FDB2031FBC300F77A05 /* AppDelegate.swift in Sources */ = {isa = PBXBuildFile; fileRef = 3F976FDA2031FBC300F77A05 /* AppDelegate.swift */; };
		3F976FDD2031FBC300F77A05 /* ViewController.swift in Sources */ = {isa = PBXBuildFile; fileRef = 3F976FDC2031FBC300F77A05 /* ViewController.swift */; };
		3F976FE02031FBC300F77A05 /* Main.storyboard in Resources */ = {isa = PBXBuildFile; fileRef = 3F976FDE2031FBC300F77A05 /* Main.storyboard */; };
		3F976FE22031FBC300F77A05 /* Assets.xcassets in Resources */ = {isa = PBXBuildFile; fileRef = 3F976FE12031FBC300F77A05 /* Assets.xcassets */; };
		3F976FE52031FBC300F77A05 /* LaunchScreen.storyboard in Resources */ = {isa = PBXBuildFile; fileRef = 3F976FE32031FBC300F77A05 /* LaunchScreen.storyboard */; };
		46D674C12038E3790057E383 /* Icon-App-83.5x83.5@2x.png in Resources */ = {isa = PBXBuildFile; fileRef = 46D674C02038E3790057E383 /* Icon-App-83.5x83.5@2x.png */; };
		46FC12DC203A175F00F33F05 /* WordSetsTableVC.swift in Sources */ = {isa = PBXBuildFile; fileRef = 46FC12DB203A175F00F33F05 /* WordSetsTableVC.swift */; };
/* End PBXBuildFile section */

/* Begin PBXFileReference section */
		3F4919E0204DC51400C22A29 /* TakeSnapshot.swift */ = {isa = PBXFileReference; lastKnownFileType = sourcecode.swift; path = TakeSnapshot.swift; sourceTree = "<group>"; };
		3F4919E2204DCF7A00C22A29 /* AppData.swift */ = {isa = PBXFileReference; lastKnownFileType = sourcecode.swift; path = AppData.swift; sourceTree = "<group>"; };
		3F976FD72031FBC300F77A05 /* Project1-Checkpoint3.app */ = {isa = PBXFileReference; explicitFileType = wrapper.application; includeInIndex = 0; path = "Project1-Checkpoint3.app"; sourceTree = BUILT_PRODUCTS_DIR; };
		3F976FDA2031FBC300F77A05 /* AppDelegate.swift */ = {isa = PBXFileReference; lastKnownFileType = sourcecode.swift; path = AppDelegate.swift; sourceTree = "<group>"; };
		3F976FDC2031FBC300F77A05 /* ViewController.swift */ = {isa = PBXFileReference; lastKnownFileType = sourcecode.swift; path = ViewController.swift; sourceTree = "<group>"; };
		3F976FDF2031FBC300F77A05 /* Base */ = {isa = PBXFileReference; lastKnownFileType = file.storyboard; name = Base; path = Base.lproj/Main.storyboard; sourceTree = "<group>"; };
		3F976FE12031FBC300F77A05 /* Assets.xcassets */ = {isa = PBXFileReference; lastKnownFileType = folder.assetcatalog; path = Assets.xcassets; sourceTree = "<group>"; };
		3F976FE42031FBC300F77A05 /* Base */ = {isa = PBXFileReference; lastKnownFileType = file.storyboard; name = Base; path = Base.lproj/LaunchScreen.storyboard; sourceTree = "<group>"; };
		3F976FE62031FBC300F77A05 /* Info.plist */ = {isa = PBXFileReference; lastKnownFileType = text.plist.xml; path = Info.plist; sourceTree = "<group>"; };
		46D674C02038E3790057E383 /* Icon-App-83.5x83.5@2x.png */ = {isa = PBXFileReference; lastKnownFileType = image.png; path = "Icon-App-83.5x83.5@2x.png"; sourceTree = "<group>"; };
		46FC12DB203A175F00F33F05 /* WordSetsTableVC.swift */ = {isa = PBXFileReference; lastKnownFileType = sourcecode.swift; path = WordSetsTableVC.swift; sourceTree = "<group>"; };
/* End PBXFileReference section */

/* Begin PBXFrameworksBuildPhase section */
		3F976FD42031FBC300F77A05 /* Frameworks */ = {
			isa = PBXFrameworksBuildPhase;
			buildActionMask = 2147483647;
			files = (
			);
			runOnlyForDeploymentPostprocessing = 0;
		};
/* End PBXFrameworksBuildPhase section */

/* Begin PBXGroup section */
		3F976FCE2031FBC300F77A05 = {
			isa = PBXGroup;
			children = (
				3F976FD92031FBC300F77A05 /* Project1-Checkpoint3 */,
				3F976FD82031FBC300F77A05 /* Products */,
			);
			sourceTree = "<group>";
		};
		3F976FD82031FBC300F77A05 /* Products */ = {
			isa = PBXGroup;
			children = (
				3F976FD72031FBC300F77A05 /* Project1-Checkpoint3.app */,
			);
			name = Products;
			sourceTree = "<group>";
		};
		3F976FD92031FBC300F77A05 /* Project1-Checkpoint3 */ = {
			isa = PBXGroup;
			children = (
				3F976FDA2031FBC300F77A05 /* AppDelegate.swift */,
				3F4919E2204DCF7A00C22A29 /* AppData.swift */,
				3F976FDC2031FBC300F77A05 /* ViewController.swift */,
				3F976FDE2031FBC300F77A05 /* Main.storyboard */,
				46FC12DB203A175F00F33F05 /* WordSetsTableVC.swift */,
				3F4919E0204DC51400C22A29 /* TakeSnapshot.swift */,
				3F976FE12031FBC300F77A05 /* Assets.xcassets */,
				3F976FE32031FBC300F77A05 /* LaunchScreen.storyboard */,
				3F976FE62031FBC300F77A05 /* Info.plist */,
				46D674BD2038E22E0057E383 /* Images */,
			);
			path = "Project1-Checkpoint3";
			sourceTree = "<group>";
		};
		46D674BD2038E22E0057E383 /* Images */ = {
			isa = PBXGroup;
			children = (
				46D674C02038E3790057E383 /* Icon-App-83.5x83.5@2x.png */,
			);
			path = Images;
			sourceTree = "<group>";
		};
/* End PBXGroup section */

/* Begin PBXNativeTarget section */
		3F976FD62031FBC300F77A05 /* Project1-Checkpoint3 */ = {
			isa = PBXNativeTarget;
			buildConfigurationList = 3F976FE92031FBC300F77A05 /* Build configuration list for PBXNativeTarget "Project1-Checkpoint3" */;
			buildPhases = (
				3F976FD32031FBC300F77A05 /* Sources */,
				3F976FD42031FBC300F77A05 /* Frameworks */,
				3F976FD52031FBC300F77A05 /* Resources */,
			);
			buildRules = (
			);
			dependencies = (
			);
			name = "Project1-Checkpoint3";
			productName = "Project1-Checkpoint1";
			productReference = 3F976FD72031FBC300F77A05 /* Project1-Checkpoint3.app */;
			productType = "com.apple.product-type.application";
		};
/* End PBXNativeTarget section */

/* Begin PBXProject section */
		3F976FCF2031FBC300F77A05 /* Project object */ = {
			isa = PBXProject;
			attributes = {
				LastSwiftUpdateCheck = 0920;
				LastUpgradeCheck = 0920;
				ORGANIZATIONNAME = "Claire Koval";
				TargetAttributes = {
					3F976FD62031FBC300F77A05 = {
						CreatedOnToolsVersion = 9.2;
						ProvisioningStyle = Automatic;
					};
				};
			};
			buildConfigurationList = 3F976FD22031FBC300F77A05 /* Build configuration list for PBXProject "Project1-Checkpoint3" */;
			compatibilityVersion = "Xcode 8.0";
			developmentRegion = en;
			hasScannedForEncodings = 0;
			knownRegions = (
				en,
				Base,
			);
			mainGroup = 3F976FCE2031FBC300F77A05;
			productRefGroup = 3F976FD82031FBC300F77A05 /* Products */;
			projectDirPath = "";
			projectRoot = "";
			targets = (
				3F976FD62031FBC300F77A05 /* Project1-Checkpoint3 */,
			);
		};
/* End PBXProject section */

/* Begin PBXResourcesBuildPhase section */
		3F976FD52031FBC300F77A05 /* Resources */ = {
			isa = PBXResourcesBuildPhase;
			buildActionMask = 2147483647;
			files = (
				3F976FE52031FBC300F77A05 /* LaunchScreen.storyboard in Resources */,
				3F976FE22031FBC300F77A05 /* Assets.xcassets in Resources */,
				46D674C12038E3790057E383 /* Icon-App-83.5x83.5@2x.png in Resources */,
				3F976FE02031FBC300F77A05 /* Main.storyboard in Resources */,
			);
			runOnlyForDeploymentPostprocessing = 0;
		};
/* End PBXResourcesBuildPhase section */

/* Begin PBXSourcesBuildPhase section */
		3F976FD32031FBC300F77A05 /* Sources */ = {
			isa = PBXSourcesBuildPhase;
			buildActionMask = 2147483647;
			files = (
				3F976FDD2031FBC300F77A05 /* ViewController.swift in Sources */,
				3F976FDB2031FBC300F77A05 /* AppDelegate.swift in Sources */,
				3F4919E1204DC51400C22A29 /* TakeSnapshot.swift in Sources */,
				46FC12DC203A175F00F33F05 /* WordSetsTableVC.swift in Sources */,
				3F4919E3204DCF7A00C22A29 /* AppData.swift in Sources */,
			);
			runOnlyForDeploymentPostprocessing = 0;
		};
/* End PBXSourcesBuildPhase section */

/* Begin PBXVariantGroup section */
		3F976FDE2031FBC300F77A05 /* Main.storyboard */ = {
			isa = PBXVariantGroup;
			children = (
				3F976FDF2031FBC300F77A05 /* Base */,
			);
			name = Main.storyboard;
			sourceTree = "<group>";
		};
		3F976FE32031FBC300F77A05 /* LaunchScreen.storyboard */ = {
			isa = PBXVariantGroup;
			children = (
				3F976FE42031FBC300F77A05 /* Base */,
			);
			name = LaunchScreen.storyboard;
			sourceTree = "<group>";
		};
/* End PBXVariantGroup section */

/* Begin XCBuildConfiguration section */
		3F976FE72031FBC300F77A05 /* Debug */ = {
			isa = XCBuildConfiguration;
			buildSettings = {
				ALWAYS_SEARCH_USER_PATHS = NO;
				CLANG_ANALYZER_NONNULL = YES;
				CLANG_ANALYZER_NUMBER_OBJECT_CONVERSION = YES_AGGRESSIVE;
				CLANG_CXX_LANGUAGE_STANDARD = "gnu++14";
				CLANG_CXX_LIBRARY = "libc++";
				CLANG_ENABLE_MODULES = YES;
				CLANG_ENABLE_OBJC_ARC = YES;
				CLANG_WARN_BLOCK_CAPTURE_AUTORELEASING = YES;
				CLANG_WARN_BOOL_CONVERSION = YES;
				CLANG_WARN_COMMA = YES;
				CLANG_WARN_CONSTANT_CONVERSION = YES;
				CLANG_WARN_DIRECT_OBJC_ISA_USAGE = YES_ERROR;
				CLANG_WARN_DOCUMENTATION_COMMENTS = YES;
				CLANG_WARN_EMPTY_BODY = YES;
				CLANG_WARN_ENUM_CONVERSION = YES;
				CLANG_WARN_INFINITE_RECURSION = YES;
				CLANG_WARN_INT_CONVERSION = YES;
				CLANG_WARN_NON_LITERAL_NULL_CONVERSION = YES;
				CLANG_WARN_OBJC_LITERAL_CONVERSION = YES;
				CLANG_WARN_OBJC_ROOT_CLASS = YES_ERROR;
				CLANG_WARN_RANGE_LOOP_ANALYSIS = YES;
				CLANG_WARN_STRICT_PROTOTYPES = YES;
				CLANG_WARN_SUSPICIOUS_MOVE = YES;
				CLANG_WARN_UNGUARDED_AVAILABILITY = YES_AGGRESSIVE;
				CLANG_WARN_UNREACHABLE_CODE = YES;
				CLANG_WARN__DUPLICATE_METHOD_MATCH = YES;
				CODE_SIGN_IDENTITY = "iPhone Developer";
				COPY_PHASE_STRIP = NO;
				DEBUG_INFORMATION_FORMAT = dwarf;
				ENABLE_STRICT_OBJC_MSGSEND = YES;
				ENABLE_TESTABILITY = YES;
				GCC_C_LANGUAGE_STANDARD = gnu11;
				GCC_DYNAMIC_NO_PIC = NO;
				GCC_NO_COMMON_BLOCKS = YES;
				GCC_OPTIMIZATION_LEVEL = 0;
				GCC_PREPROCESSOR_DEFINITIONS = (
					"DEBUG=1",
					"$(inherited)",
				);
				GCC_WARN_64_TO_32_BIT_CONVERSION = YES;
				GCC_WARN_ABOUT_RETURN_TYPE = YES_ERROR;
				GCC_WARN_UNDECLARED_SELECTOR = YES;
				GCC_WARN_UNINITIALIZED_AUTOS = YES_AGGRESSIVE;
				GCC_WARN_UNUSED_FUNCTION = YES;
				GCC_WARN_UNUSED_VARIABLE = YES;
				IPHONEOS_DEPLOYMENT_TARGET = 11.2;
				MTL_ENABLE_DEBUG_INFO = YES;
				ONLY_ACTIVE_ARCH = YES;
				SDKROOT = iphoneos;
				SWIFT_ACTIVE_COMPILATION_CONDITIONS = DEBUG;
				SWIFT_OPTIMIZATION_LEVEL = "-Onone";
			};
			name = Debug;
		};
		3F976FE82031FBC300F77A05 /* Release */ = {
			isa = XCBuildConfiguration;
			buildSettings = {
				ALWAYS_SEARCH_USER_PATHS = NO;
				CLANG_ANALYZER_NONNULL = YES;
				CLANG_ANALYZER_NUMBER_OBJECT_CONVERSION = YES_AGGRESSIVE;
				CLANG_CXX_LANGUAGE_STANDARD = "gnu++14";
				CLANG_CXX_LIBRARY = "libc++";
				CLANG_ENABLE_MODULES = YES;
				CLANG_ENABLE_OBJC_ARC = YES;
				CLANG_WARN_BLOCK_CAPTURE_AUTORELEASING = YES;
				CLANG_WARN_BOOL_CONVERSION = YES;
				CLANG_WARN_COMMA = YES;
				CLANG_WARN_CONSTANT_CONVERSION = YES;
				CLANG_WARN_DIRECT_OBJC_ISA_USAGE = YES_ERROR;
				CLANG_WARN_DOCUMENTATION_COMMENTS = YES;
				CLANG_WARN_EMPTY_BODY = YES;
				CLANG_WARN_ENUM_CONVERSION = YES;
				CLANG_WARN_INFINITE_RECURSION = YES;
				CLANG_WARN_INT_CONVERSION = YES;
				CLANG_WARN_NON_LITERAL_NULL_CONVERSION = YES;
				CLANG_WARN_OBJC_LITERAL_CONVERSION = YES;
				CLANG_WARN_OBJC_ROOT_CLASS = YES_ERROR;
				CLANG_WARN_RANGE_LOOP_ANALYSIS = YES;
				CLANG_WARN_STRICT_PROTOTYPES = YES;
				CLANG_WARN_SUSPICIOUS_MOVE = YES;
				CLANG_WARN_UNGUARDED_AVAILABILITY = YES_AGGRESSIVE;
				CLANG_WARN_UNREACHABLE_CODE = YES;
				CLANG_WARN__DUPLICATE_METHOD_MATCH = YES;
				CODE_SIGN_IDENTITY = "iPhone Developer";
				COPY_PHASE_STRIP = NO;
				DEBUG_INFORMATION_FORMAT = "dwarf-with-dsym";
				ENABLE_NS_ASSERTIONS = NO;
				ENABLE_STRICT_OBJC_MSGSEND = YES;
				GCC_C_LANGUAGE_STANDARD = gnu11;
				GCC_NO_COMMON_BLOCKS = YES;
				GCC_WARN_64_TO_32_BIT_CONVERSION = YES;
				GCC_WARN_ABOUT_RETURN_TYPE = YES_ERROR;
				GCC_WARN_UNDECLARED_SELECTOR = YES;
				GCC_WARN_UNINITIALIZED_AUTOS = YES_AGGRESSIVE;
				GCC_WARN_UNUSED_FUNCTION = YES;
				GCC_WARN_UNUSED_VARIABLE = YES;
				IPHONEOS_DEPLOYMENT_TARGET = 11.2;
				MTL_ENABLE_DEBUG_INFO = NO;
				SDKROOT = iphoneos;
				SWIFT_OPTIMIZATION_LEVEL = "-Owholemodule";
				VALIDATE_PRODUCT = YES;
			};
			name = Release;
		};
		3F976FEA2031FBC300F77A05 /* Debug */ = {
			isa = XCBuildConfiguration;
			buildSettings = {
				ASSETCATALOG_COMPILER_APPICON_NAME = AppIcon;
				CODE_SIGN_STYLE = Automatic;
				DEVELOPMENT_TEAM = 9Y5QFBV8N5;
				INFOPLIST_FILE = "$(SRCROOT)/Project1-Checkpoint3/Info.plist";
				IPHONEOS_DEPLOYMENT_TARGET = 11.0;
				LD_RUNPATH_SEARCH_PATHS = "$(inherited) @executable_path/Frameworks";
				PRODUCT_BUNDLE_IDENTIFIER = "com.sample.Project1-Checkpoint3";
				PRODUCT_NAME = "$(TARGET_NAME)";
				SWIFT_VERSION = 4.0;
				TARGETED_DEVICE_FAMILY = "1,2";
			};
			name = Debug;
		};
		3F976FEB2031FBC300F77A05 /* Release */ = {
			isa = XCBuildConfiguration;
			buildSettings = {
				ASSETCATALOG_COMPILER_APPICON_NAME = AppIcon;
				CODE_SIGN_STYLE = Automatic;
				DEVELOPMENT_TEAM = 9Y5QFBV8N5;
				INFOPLIST_FILE = "$(SRCROOT)/Project1-Checkpoint3/Info.plist";
				IPHONEOS_DEPLOYMENT_TARGET = 11.0;
				LD_RUNPATH_SEARCH_PATHS = "$(inherited) @executable_path/Frameworks";
				PRODUCT_BUNDLE_IDENTIFIER = "com.sample.Project1-Checkpoint3";
				PRODUCT_NAME = "$(TARGET_NAME)";
				SWIFT_VERSION = 4.0;
				TARGETED_DEVICE_FAMILY = "1,2";
			};
			name = Release;
		};
/* End XCBuildConfiguration section */

/* Begin XCConfigurationList section */
		3F976FD22031FBC300F77A05 /* Build configuration list for PBXProject "Project1-Checkpoint3" */ = {
			isa = XCConfigurationList;
			buildConfigurations = (
				3F976FE72031FBC300F77A05 /* Debug */,
				3F976FE82031FBC300F77A05 /* Release */,
			);
			defaultConfigurationIsVisible = 0;
			defaultConfigurationName = Release;
		};
		3F976FE92031FBC300F77A05 /* Build configuration list for PBXNativeTarget "Project1-Checkpoint3" */ = {
			isa = XCConfigurationList;
			buildConfigurations = (
				3F976FEA2031FBC300F77A05 /* Debug */,
				3F976FEB2031FBC300F77A05 /* Release */,
			);
			defaultConfigurationIsVisible = 0;
			defaultConfigurationName = Release;
		};
/* End XCConfigurationList section */
	};
	rootObject = 3F976FCF2031FBC300F77A05 /* Project object */;
}
